
Microsoft Visual Studio Solution File, Format Version 12.00
# Visual Studio Version 16
VisualStudioVersion = 16.0.30104.148
MinimumVisualStudioVersion = 10.0.40219.1
Project("{FAE04EC0-301F-11D3-BF4B-00C04F79EFBC}") = "Gerador.Mega.Sena", "Gerador.Mega.Sena\Gerador.Mega.Sena.csproj", "{7FD935E4-890A-4B97-984E-0AD17809437B}"
EndProject
Global
	GlobalSection(SolutionConfigurationPlatforms) = preSolution
		Debug|Any CPU = Debug|Any CPU
		Release|Any CPU = Release|Any CPU
	EndGlobalSection
	GlobalSection(ProjectConfigurationPlatforms) = postSolution
		{7FD935E4-890A-4B97-984E-0AD17809437B}.Debug|Any CPU.ActiveCfg = Debug|Any CPU
		{7FD935E4-890A-4B97-984E-0AD17809437B}.Debug|Any CPU.Build.0 = Debug|Any CPU
		{7FD935E4-890A-4B97-984E-0AD17809437B}.Release|Any CPU.ActiveCfg = Release|Any CPU
		{7FD935E4-890A-4B97-984E-0AD17809437B}.Release|Any CPU.Build.0 = Release|Any CPU
	EndGlobalSection
	GlobalSection(SolutionProperties) = preSolution
		HideSolutionNode = FALSE
	EndGlobalSection
	GlobalSection(ExtensibilityGlobals) = postSolution
		SolutionGuid = {1FD26A6D-61E6-485B-A1A2-F95FDAC343E7}
	EndGlobalSection
EndGlobal
